// !$*UTF8*$!
{
	archiveVersion = 1;
	classes = {
	};
	objectVersion = 50;
	objects = {

/* Begin PBXBuildFile section */
		EA8D68412668C91500C729D5 /* AppDelegate.swift in Sources */ = {isa = PBXBuildFile; fileRef = EA8D68402668C91500C729D5 /* AppDelegate.swift */; };
		EA8D68432668C91500C729D5 /* SceneDelegate.swift in Sources */ = {isa = PBXBuildFile; fileRef = EA8D68422668C91500C729D5 /* SceneDelegate.swift */; };
		EA8D68452668C91500C729D5 /* ViewController.swift in Sources */ = {isa = PBXBuildFile; fileRef = EA8D68442668C91500C729D5 /* ViewController.swift */; };
		EA8D68482668C91500C729D5 /* Main.storyboard in Resources */ = {isa = PBXBuildFile; fileRef = EA8D68462668C91500C729D5 /* Main.storyboard */; };
		EA8D684A2668C91800C729D5 /* Assets.xcassets in Resources */ = {isa = PBXBuildFile; fileRef = EA8D68492668C91800C729D5 /* Assets.xcassets */; };
		EA8D684D2668C91800C729D5 /* LaunchScreen.storyboard in Resources */ = {isa = PBXBuildFile; fileRef = EA8D684B2668C91800C729D5 /* LaunchScreen.storyboard */; };
/* End PBXBuildFile section */

/* Begin PBXFileReference section */
		EA8D683D2668C91500C729D5 /* artCover (UITableView+UIImage).app */ = {isa = PBXFileReference; explicitFileType = wrapper.application; includeInIndex = 0; path = "artCover (UITableView+UIImage).app"; sourceTree = BUILT_PRODUCTS_DIR; };
		EA8D68402668C91500C729D5 /* AppDelegate.swift */ = {isa = PBXFileReference; lastKnownFileType = sourcecode.swift; path = AppDelegate.swift; sourceTree = "<group>"; };
		EA8D68422668C91500C729D5 /* SceneDelegate.swift */ = {isa = PBXFileReference; lastKnownFileType = sourcecode.swift; path = SceneDelegate.swift; sourceTree = "<group>"; };
		EA8D68442668C91500C729D5 /* ViewController.swift */ = {isa = PBXFileReference; lastKnownFileType = sourcecode.swift; path = ViewController.swift; sourceTree = "<group>"; };
		EA8D68472668C91500C729D5 /* Base */ = {isa = PBXFileReference; lastKnownFileType = file.storyboard; name = Base; path = Base.lproj/Main.storyboard; sourceTree = "<group>"; };
		EA8D68492668C91800C729D5 /* Assets.xcassets */ = {isa = PBXFileReference; lastKnownFileType = folder.assetcatalog; path = Assets.xcassets; sourceTree = "<group>"; };
		EA8D684C2668C91800C729D5 /* Base */ = {isa = PBXFileReference; lastKnownFileType = file.storyboard; name = Base; path = Base.lproj/LaunchScreen.storyboard; sourceTree = "<group>"; };
		EA8D684E2668C91800C729D5 /* Info.plist */ = {isa = PBXFileReference; lastKnownFileType = text.plist.xml; path = Info.plist; sourceTree = "<group>"; };
/* End PBXFileReference section */

/* Begin PBXFrameworksBuildPhase section */
		EA8D683A2668C91500C729D5 /* Frameworks */ = {
			isa = PBXFrameworksBuildPhase;
			buildActionMask = 2147483647;
			files = (
			);
			runOnlyForDeploymentPostprocessing = 0;
		};
/* End PBXFrameworksBuildPhase section */

/* Begin PBXGroup section */
		EA8D68342668C91500C729D5 = {
			isa = PBXGroup;
			children = (
				EA8D683F2668C91500C729D5 /* artCover (UITableView+UIImage) */,
				EA8D683E2668C91500C729D5 /* Products */,
			);
			sourceTree = "<group>";
		};
		EA8D683E2668C91500C729D5 /* Products */ = {
			isa = PBXGroup;
			children = (
				EA8D683D2668C91500C729D5 /* artCover (UITableView+UIImage).app */,
			);
			name = Products;
			sourceTree = "<group>";
		};
		EA8D683F2668C91500C729D5 /* artCover (UITableView+UIImage) */ = {
			isa = PBXGroup;
			children = (
				EA8D68402668C91500C729D5 /* AppDelegate.swift */,
				EA8D68422668C91500C729D5 /* SceneDelegate.swift */,
				EA8D68442668C91500C729D5 /* ViewController.swift */,
				EA8D68462668C91500C729D5 /* Main.storyboard */,
				EA8D68492668C91800C729D5 /* Assets.xcassets */,
				EA8D684B2668C91800C729D5 /* LaunchScreen.storyboard */,
				EA8D684E2668C91800C729D5 /* Info.plist */,
			);
			path = "artCover (UITableView+UIImage)";
			sourceTree = "<group>";
		};
/* End PBXGroup section */

/* Begin PBXNativeTarget section */
		EA8D683C2668C91500C729D5 /* artCover (UITableView+UIImage) */ = {
			isa = PBXNativeTarget;
			buildConfigurationList = EA8D68512668C91800C729D5 /* Build configuration list for PBXNativeTarget "artCover (UITableView+UIImage)" */;
			buildPhases = (
				EA8D68392668C91500C729D5 /* Sources */,
				EA8D683A2668C91500C729D5 /* Frameworks */,
				EA8D683B2668C91500C729D5 /* Resources */,
			);
			buildRules = (
			);
			dependencies = (
			);
			name = "artCover (UITableView+UIImage)";
			productName = "artCover (UITableView+UIImage)";
			productReference = EA8D683D2668C91500C729D5 /* artCover (UITableView+UIImage).app */;
			productType = "com.apple.product-type.application";
		};
/* End PBXNativeTarget section */

/* Begin PBXProject section */
		EA8D68352668C91500C729D5 /* Project object */ = {
			isa = PBXProject;
			attributes = {
				LastSwiftUpdateCheck = 1250;
				LastUpgradeCheck = 1250;
				TargetAttributes = {
					EA8D683C2668C91500C729D5 = {
						CreatedOnToolsVersion = 12.5;
					};
				};
			};
			buildConfigurationList = EA8D68382668C91500C729D5 /* Build configuration list for PBXProject "artCover (UITableView+UIImage)" */;
			compatibilityVersion = "Xcode 9.3";
			developmentRegion = en;
			hasScannedForEncodings = 0;
			knownRegions = (
				en,
				Base,
			);
			mainGroup = EA8D68342668C91500C729D5;
			productRefGroup = EA8D683E2668C91500C729D5 /* Products */;
			projectDirPath = "";
			projectRoot = "";
			targets = (
				EA8D683C2668C91500C729D5 /* artCover (UITableView+UIImage) */,
			);
		};
/* End PBXProject section */

/* Begin PBXResourcesBuildPhase section */
		EA8D683B2668C91500C729D5 /* Resources */ = {
			isa = PBXResourcesBuildPhase;
			buildActionMask = 2147483647;
			files = (
				EA8D684D2668C91800C729D5 /* LaunchScreen.storyboard in Resources */,
				EA8D684A2668C91800C729D5 /* Assets.xcassets in Resources */,
				EA8D68482668C91500C729D5 /* Main.storyboard in Resources */,
			);
			runOnlyForDeploymentPostprocessing = 0;
		};
/* End PBXResourcesBuildPhase section */

/* Begin PBXSourcesBuildPhase section */
		EA8D68392668C91500C729D5 /* Sources */ = {
			isa = PBXSourcesBuildPhase;
			buildActionMask = 2147483647;
			files = (
				EA8D68452668C91500C729D5 /* ViewController.swift in Sources */,
				EA8D68412668C91500C729D5 /* AppDelegate.swift in Sources */,
				EA8D68432668C91500C729D5 /* SceneDelegate.swift in Sources */,
			);
			runOnlyForDeploymentPostprocessing = 0;
		};
/* End PBXSourcesBuildPhase section */

/* Begin PBXVariantGroup section */
		EA8D68462668C91500C729D5 /* Main.storyboard */ = {
			isa = PBXVariantGroup;
			children = (
				EA8D68472668C91500C729D5 /* Base */,
			);
			name = Main.storyboard;
			sourceTree = "<group>";
		};
		EA8D684B2668C91800C729D5 /* LaunchScreen.storyboard */ = {
			isa = PBXVariantGroup;
			children = (
				EA8D684C2668C91800C729D5 /* Base */,
			);
			name = LaunchScreen.storyboard;
			sourceTree = "<group>";
		};
/* End PBXVariantGroup section */

/* Begin XCBuildConfiguration section */
		EA8D684F2668C91800C729D5 /* Debug */ = {
			isa = XCBuildConfiguration;
			buildSettings = {
				ALWAYS_SEARCH_USER_PATHS = NO;
				CLANG_ANALYZER_NONNULL = YES;
				CLANG_ANALYZER_NUMBER_OBJECT_CONVERSION = YES_AGGRESSIVE;
				CLANG_CXX_LANGUAGE_STANDARD = "gnu++14";
				CLANG_CXX_LIBRARY = "libc++";
				CLANG_ENABLE_MODULES = YES;
				CLANG_ENABLE_OBJC_ARC = YES;
				CLANG_ENABLE_OBJC_WEAK = YES;
				CLANG_WARN_BLOCK_CAPTURE_AUTORELEASING = YES;
				CLANG_WARN_BOOL_CONVERSION = YES;
				CLANG_WARN_COMMA = YES;
				CLANG_WARN_CONSTANT_CONVERSION = YES;
				CLANG_WARN_DEPRECATED_OBJC_IMPLEMENTATIONS = YES;
				CLANG_WARN_DIRECT_OBJC_ISA_USAGE = YES_ERROR;
				CLANG_WARN_DOCUMENTATION_COMMENTS = YES;
				CLANG_WARN_EMPTY_BODY = YES;
				CLANG_WARN_ENUM_CONVERSION = YES;
				CLANG_WARN_INFINITE_RECURSION = YES;
				CLANG_WARN_INT_CONVERSION = YES;
				CLANG_WARN_NON_LITERAL_NULL_CONVERSION = YES;
				CLANG_WARN_OBJC_IMPLICIT_RETAIN_SELF = YES;
				CLANG_WARN_OBJC_LITERAL_CONVERSION = YES;
				CLANG_WARN_OBJC_ROOT_CLASS = YES_ERROR;
				CLANG_WARN_QUOTED_INCLUDE_IN_FRAMEWORK_HEADER = YES;
				CLANG_WARN_RANGE_LOOP_ANALYSIS = YES;
				CLANG_WARN_STRICT_PROTOTYPES = YES;
				CLANG_WARN_SUSPICIOUS_MOVE = YES;
				CLANG_WARN_UNGUARDED_AVAILABILITY = YES_AGGRESSIVE;
				CLANG_WARN_UNREACHABLE_CODE = YES;
				CLANG_WARN__DUPLICATE_METHOD_MATCH = YES;
				COPY_PHASE_STRIP = NO;
				DEBUG_INFORMATION_FORMAT = dwarf;
				ENABLE_STRICT_OBJC_MSGSEND = YES;
				ENABLE_TESTABILITY = YES;
				GCC_C_LANGUAGE_STANDARD = gnu11;
				GCC_DYNAMIC_NO_PIC = NO;
				GCC_NO_COMMON_BLOCKS = YES;
				GCC_OPTIMIZATION_LEVEL = 0;
				GCC_PREPROCESSOR_DEFINITIONS = (
					"DEBUG=1",
					"$(inherited)",
				);
				GCC_WARN_64_TO_32_BIT_CONVERSION = YES;
				GCC_WARN_ABOUT_RETURN_TYPE = YES_ERROR;
				GCC_WARN_UNDECLARED_SELECTOR = YES;
				GCC_WARN_UNINITIALIZED_AUTOS = YES_AGGRESSIVE;
				GCC_WARN_UNUSED_FUNCTION = YES;
				GCC_WARN_UNUSED_VARIABLE = YES;
				IPHONEOS_DEPLOYMENT_TARGET = 14.5;
				MTL_ENABLE_DEBUG_INFO = INCLUDE_SOURCE;
				MTL_FAST_MATH = YES;
				ONLY_ACTIVE_ARCH = YES;
				SDKROOT = iphoneos;
				SWIFT_ACTIVE_COMPILATION_CONDITIONS = DEBUG;
				SWIFT_OPTIMIZATION_LEVEL = "-Onone";
			};
			name = Debug;
		};
		EA8D68502668C91800C729D5 /* Release */ = {
			isa = XCBuildConfiguration;
			buildSettings = {
				ALWAYS_SEARCH_USER_PATHS = NO;
				CLANG_ANALYZER_NONNULL = YES;
				CLANG_ANALYZER_NUMBER_OBJECT_CONVERSION = YES_AGGRESSIVE;
				CLANG_CXX_LANGUAGE_STANDARD = "gnu++14";
				CLANG_CXX_LIBRARY = "libc++";
				CLANG_ENABLE_MODULES = YES;
				CLANG_ENABLE_OBJC_ARC = YES;
				CLANG_ENABLE_OBJC_WEAK = YES;
				CLANG_WARN_BLOCK_CAPTURE_AUTORELEASING = YES;
				CLANG_WARN_BOOL_CONVERSION = YES;
				CLANG_WARN_COMMA = YES;
				CLANG_WARN_CONSTANT_CONVERSION = YES;
				CLANG_WARN_DEPRECATED_OBJC_IMPLEMENTATIONS = YES;
				CLANG_WARN_DIRECT_OBJC_ISA_USAGE = YES_ERROR;
				CLANG_WARN_DOCUMENTATION_COMMENTS = YES;
				CLANG_WARN_EMPTY_BODY = YES;
				CLANG_WARN_ENUM_CONVERSION = YES;
				CLANG_WARN_INFINITE_RECURSION = YES;
				CLANG_WARN_INT_CONVERSION = YES;
				CLANG_WARN_NON_LITERAL_NULL_CONVERSION = YES;
				CLANG_WARN_OBJC_IMPLICIT_RETAIN_SELF = YES;
				CLANG_WARN_OBJC_LITERAL_CONVERSION = YES;
				CLANG_WARN_OBJC_ROOT_CLASS = YES_ERROR;
				CLANG_WARN_QUOTED_INCLUDE_IN_FRAMEWORK_HEADER = YES;
				CLANG_WARN_RANGE_LOOP_ANALYSIS = YES;
				CLANG_WARN_STRICT_PROTOTYPES = YES;
				CLANG_WARN_SUSPICIOUS_MOVE = YES;
				CLANG_WARN_UNGUARDED_AVAILABILITY = YES_AGGRESSIVE;
				CLANG_WARN_UNREACHABLE_CODE = YES;
				CLANG_WARN__DUPLICATE_METHOD_MATCH = YES;
				COPY_PHASE_STRIP = NO;
				DEBUG_INFORMATION_FORMAT = "dwarf-with-dsym";
				ENABLE_NS_ASSERTIONS = NO;
				ENABLE_STRICT_OBJC_MSGSEND = YES;
				GCC_C_LANGUAGE_STANDARD = gnu11;
				GCC_NO_COMMON_BLOCKS = YES;
				GCC_WARN_64_TO_32_BIT_CONVERSION = YES;
				GCC_WARN_ABOUT_RETURN_TYPE = YES_ERROR;
				GCC_WARN_UNDECLARED_SELECTOR = YES;
				GCC_WARN_UNINITIALIZED_AUTOS = YES_AGGRESSIVE;
				GCC_WARN_UNUSED_FUNCTION = YES;
				GCC_WARN_UNUSED_VARIABLE = YES;
				IPHONEOS_DEPLOYMENT_TARGET = 14.5;
				MTL_ENABLE_DEBUG_INFO = NO;
				MTL_FAST_MATH = YES;
				SDKROOT = iphoneos;
				SWIFT_COMPILATION_MODE = wholemodule;
				SWIFT_OPTIMIZATION_LEVEL = "-O";
				VALIDATE_PRODUCT = YES;
			};
			name = Release;
		};
		EA8D68522668C91800C729D5 /* Debug */ = {
			isa = XCBuildConfiguration;
			buildSettings = {
				ASSETCATALOG_COMPILER_APPICON_NAME = AppIcon;
				ASSETCATALOG_COMPILER_GLOBAL_ACCENT_COLOR_NAME = AccentColor;
				CODE_SIGN_STYLE = Automatic;
				DEVELOPMENT_TEAM = TLX89AH7T8;
				INFOPLIST_FILE = "artCover (UITableView+UIImage)/Info.plist";
				LD_RUNPATH_SEARCH_PATHS = (
					"$(inherited)",
					"@executable_path/Frameworks",
				);
				PRODUCT_BUNDLE_IDENTIFIER = "com.vv.artCover--UITableView-UIImage-";
				PRODUCT_NAME = "$(TARGET_NAME)";
				SWIFT_VERSION = 5.0;
				TARGETED_DEVICE_FAMILY = "1,2";
			};
			name = Debug;
		};
		EA8D68532668C91800C729D5 /* Release */ = {
			isa = XCBuildConfiguration;
			buildSettings = {
				ASSETCATALOG_COMPILER_APPICON_NAME = AppIcon;
				ASSETCATALOG_COMPILER_GLOBAL_ACCENT_COLOR_NAME = AccentColor;
				CODE_SIGN_STYLE = Automatic;
				DEVELOPMENT_TEAM = TLX89AH7T8;
				INFOPLIST_FILE = "artCover (UITableView+UIImage)/Info.plist";
				LD_RUNPATH_SEARCH_PATHS = (
					"$(inherited)",
					"@executable_path/Frameworks",
				);
				PRODUCT_BUNDLE_IDENTIFIER = "com.vv.artCover--UITableView-UIImage-";
				PRODUCT_NAME = "$(TARGET_NAME)";
				SWIFT_VERSION = 5.0;
				TARGETED_DEVICE_FAMILY = "1,2";
			};
			name = Release;
		};
/* End XCBuildConfiguration section */

/* Begin XCConfigurationList section */
		EA8D68382668C91500C729D5 /* Build configuration list for PBXProject "artCover (UITableView+UIImage)" */ = {
			isa = XCConfigurationList;
			buildConfigurations = (
				EA8D684F2668C91800C729D5 /* Debug */,
				EA8D68502668C91800C729D5 /* Release */,
			);
			defaultConfigurationIsVisible = 0;
			defaultConfigurationName = Release;
		};
		EA8D68512668C91800C729D5 /* Build configuration list for PBXNativeTarget "artCover (UITableView+UIImage)" */ = {
			isa = XCConfigurationList;
			buildConfigurations = (
				EA8D68522668C91800C729D5 /* Debug */,
				EA8D68532668C91800C729D5 /* Release */,
			);
			defaultConfigurationIsVisible = 0;
			defaultConfigurationName = Release;
		};
/* End XCConfigurationList section */
	};
	rootObject = EA8D68352668C91500C729D5 /* Project object */;
}
